
Microsoft Visual Studio Solution File, Format Version 12.00
# Visual Studio Version 16
VisualStudioVersion = 16.0.29418.71
MinimumVisualStudioVersion = 10.0.40219.1
Project("{8BC9CEB8-8B4A-11D0-8D11-00A0C91BC942}") = "opencv-001-读取、显示、写入", "opencv-demo-001\opencv-demo-001.vcxproj", "{6515FDC7-F28C-4F5A-8620-5845665FBEBB}"
EndProject
Project("{8BC9CEB8-8B4A-11D0-8D11-00A0C91BC942}") = "opencv-002-Mat对象", "opencv-002-mat\opencv-002-mat.vcxproj", "{A023F365-618F-4BD1-8935-BB810ED31882}"
EndProject
Project("{8BC9CEB8-8B4A-11D0-8D11-00A0C91BC942}") = "opencv-003-算术操作", "opencv-003-suan-shu\opencv-003-suan-shu.vcxproj", "{346E3950-8FDD-4BBA-9731-EA5F64C9E33C}"
EndProject
Project("{8BC9CEB8-8B4A-11D0-8D11-00A0C91BC942}") = "opencv-004-位操作", "opencv-004\opencv-004.vcxproj", "{40017B1E-F4E9-440F-A826-AE0930BF5F63}"
EndProject
Project("{8BC9CEB8-8B4A-11D0-8D11-00A0C91BC942}") = "opencv-005-像素信息统计", "opencv-005\opencv-005.vcxproj", "{946F1FDD-B6BA-4A17-B29E-82DDB98669FA}"
EndProject
Project("{8BC9CEB8-8B4A-11D0-8D11-00A0C91BC942}") = "opencv-006-图形绘制与填充", "opencv-006\opencv-006.vcxproj", "{D6A9D5E6-1D94-4D20-A4FA-66594A3D4746}"
EndProject
Project("{8BC9CEB8-8B4A-11D0-8D11-00A0C91BC942}") = "opencv-007-通道的分离与合并", "opencv-007\opencv-007.vcxproj", "{9EAF0337-050C-4CA4-94CF-679BD5E0C18C}"
EndProject
Project("{8BC9CEB8-8B4A-11D0-8D11-00A0C91BC942}") = "opencv-008-图像直方图统计", "opencv-008\opencv-008.vcxproj", "{15B82A4B-6FF5-4259-9D83-002096BBBAC3}"
EndProject
Project("{8BC9CEB8-8B4A-11D0-8D11-00A0C91BC942}") = "opencv-009-图像查找表与颜色表", "opencv-009\opencv-009.vcxproj", "{3A811164-9534-49C6-B48D-3562054BAEDB}"
EndProject
Project("{8BC9CEB8-8B4A-11D0-8D11-00A0C91BC942}") = "opencv-010-图像卷积", "opencv-010\opencv-010.vcxproj", "{57871E69-F4CE-42F3-B54F-EEB976419C31}"
EndProject
Project("{8BC9CEB8-8B4A-11D0-8D11-00A0C91BC942}") = "opencv-011-图像模糊", "opencv-011\opencv-011.vcxproj", "{BD2D866A-A93D-4C65-8E95-8631929AA0A8}"
EndProject
Project("{8BC9CEB8-8B4A-11D0-8D11-00A0C91BC942}") = "opencv-012-自定义滤波", "opencv-012\opencv-012.vcxproj", "{41922409-ED2E-43E2-BA30-4E3BC06A8290}"
EndProject
Project("{8BC9CEB8-8B4A-11D0-8D11-00A0C91BC942}") = "opencv-013-图像梯度", "opencv-013\opencv-013.vcxproj", "{973FB549-392A-4449-A49D-02475AE07852}"
EndProject
Project("{8BC9CEB8-8B4A-11D0-8D11-00A0C91BC942}") = "opencv-014-图像边缘发现", "opencv-014\opencv-014.vcxproj", "{4FDD74C6-5EBE-46CE-A0F4-F057326C71BE}"
EndProject
Project("{8BC9CEB8-8B4A-11D0-8D11-00A0C91BC942}") = "opencv-015-USM锐化", "opencv-015\opencv-015.vcxproj", "{0F7392A4-4EC8-4115-8A72-E4AAFE00CDBB}"
EndProject
Project("{8BC9CEB8-8B4A-11D0-8D11-00A0C91BC942}") = "opencv-016-图像噪声", "opencv-016\opencv-016.vcxproj", "{FFCA7C18-832F-40C2-934A-047C06FFAD12}"
EndProject
Project("{8BC9CEB8-8B4A-11D0-8D11-00A0C91BC942}") = "opencv-017-图像去噪声", "opencv-017\opencv-017.vcxproj", "{E9F691FA-4E4E-4A8F-9B22-0AEE118C1473}"
EndProject
Project("{8BC9CEB8-8B4A-11D0-8D11-00A0C91BC942}") = "opencv-018-边缘保留滤波", "opencv-018\opencv-018.vcxproj", "{150C76D2-A6EB-4755-91A7-3D4267304C9D}"
EndProject
Project("{8BC9CEB8-8B4A-11D0-8D11-00A0C91BC942}") = "opencv-019-边缘提取", "opencv-019\opencv-019.vcxproj", "{B4FD014F-3963-4611-871A-DDEC0A53025C}"
EndProject
Project("{8BC9CEB8-8B4A-11D0-8D11-00A0C91BC942}") = "opencv-020-二值图像的概念", "opencv-20\opencv-20.vcxproj", "{C2F3B75C-B87A-4623-B669-2332A96FBB96}"
EndProject
Project("{8BC9CEB8-8B4A-11D0-8D11-00A0C91BC942}") = "opencv-021-全局阈值", "opencv-021\opencv-021.vcxproj", "{F0E76232-04A0-4533-B8BB-60A9BEDD445E}"
EndProject
Project("{8BC9CEB8-8B4A-11D0-8D11-00A0C91BC942}") = "opencv-022-自适应阈值", "opencv-022\opencv-022.vcxproj", "{78918556-1BE0-4B1B-AAFF-942F00E40969}"
EndProject
Project("{8BC9CEB8-8B4A-11D0-8D11-00A0C91BC942}") = "opencv-023-联通组件扫描", "opencv-023\opencv-023.vcxproj", "{196C21AB-6749-46DB-AEDA-A2BD8971A924}"
EndProject
Project("{8BC9CEB8-8B4A-11D0-8D11-00A0C91BC942}") = "opencv-024-图像轮廓发现", "opencv-024\opencv-024.vcxproj", "{1E8620E6-3216-49B8-AEB5-68E6E0DDB93D}"
EndProject
Project("{8BC9CEB8-8B4A-11D0-8D11-00A0C91BC942}") = "opencv-025-图像轮廓计算", "opencv-025\opencv-025.vcxproj", "{278FF891-92F0-4429-BFDF-7DF2238E18FD}"
EndProject
Project("{8BC9CEB8-8B4A-11D0-8D11-00A0C91BC942}") = "opencv-026-轮廓匹配", "opencv-026\opencv-026.vcxproj", "{CAA228E2-1291-40AB-B279-8F2FF0F2D001}"
EndProject
Project("{8BC9CEB8-8B4A-11D0-8D11-00A0C91BC942}") = "opencv-027-轮廓逼近与拟合", "opencv-027\opencv-027.vcxproj", "{9E17A5E3-5459-4996-8095-4A8568A068C0}"
EndProject
Project("{8BC9CEB8-8B4A-11D0-8D11-00A0C91BC942}") = "opencv-028-霍夫直线检测", "opencv-028\opencv-028.vcxproj", "{9729CD49-93B0-4202-8277-65029D6EE4CF}"
EndProject
Project("{8BC9CEB8-8B4A-11D0-8D11-00A0C91BC942}") = "opencv-029-霍夫圆检测", "opencv-029\opencv-029.vcxproj", "{2202DD92-2705-4E27-A2F6-0F435E014020}"
EndProject
Project("{8BC9CEB8-8B4A-11D0-8D11-00A0C91BC942}") = "opencv-030-腐蚀与膨胀", "opencv-030\opencv-030.vcxproj", "{7993BCF1-C83C-48B8-BAA2-18C3FA31C790}"
EndProject
Project("{8BC9CEB8-8B4A-11D0-8D11-00A0C91BC942}") = "opencv-031-开闭操作", "opencv-031\opencv-031.vcxproj", "{766E5774-4FAE-4B12-923F-BFBA9EDD89C2}"
EndProject
Project("{8BC9CEB8-8B4A-11D0-8D11-00A0C91BC942}") = "opencv-032-形态学梯度", "opencv-032\opencv-032.vcxproj", "{2828B7B5-8845-4883-8343-5E0C242AF82D}"
EndProject
Project("{8BC9CEB8-8B4A-11D0-8D11-00A0C91BC942}") = "opencv-033-顶帽与黑帽、击中击不中", "opencv-033\opencv-033.vcxproj", "{608D79D5-D265-4041-826F-6E9CA934BC7B}"
EndProject
Project("{8BC9CEB8-8B4A-11D0-8D11-00A0C91BC942}") = "opencv-034-视频读写", "opencv-034\opencv-034.vcxproj", "{8905383C-A53B-4EE4-B09F-98BEC16EDFF1}"
EndProject
Project("{8BC9CEB8-8B4A-11D0-8D11-00A0C91BC942}") = "opencv-035-图像色彩空间转换", "opencv-035\opencv-035.vcxproj", "{02CFD40B-32C5-49A8-96EE-A062935C6092}"
EndProject
Project("{8BC9CEB8-8B4A-11D0-8D11-00A0C91BC942}") = "opencv-036-直方图反向投影", "opencv-036\opencv-036.vcxproj", "{B7D6FCF5-6102-4E76-AAC0-D6E8211E3A01}"
EndProject
Project("{8BC9CEB8-8B4A-11D0-8D11-00A0C91BC942}") = "opencv-037-角点检测", "opencv-037\opencv-037.vcxproj", "{EE7F8A56-36F9-4A99-94FC-7015718480C3}"
EndProject
Project("{8BC9CEB8-8B4A-11D0-8D11-00A0C91BC942}") = "opencv-038-基于颜色的对象跟踪", "opencv-038\opencv-038.vcxproj", "{AD13554E-3AF4-4439-856B-674EB4AE51F7}"
EndProject
Project("{8BC9CEB8-8B4A-11D0-8D11-00A0C91BC942}") = "opencv-039-背景分析", "opencv-039\opencv-039.vcxproj", "{F5D402BF-6883-4715-93F7-6F21ABA28043}"
EndProject
Project("{8BC9CEB8-8B4A-11D0-8D11-00A0C91BC942}") = "opencv-040-光流法", "opencv-040\opencv-040.vcxproj", "{A2C679E5-4FE4-47B0-AE52-FA5A1B991528}"
EndProject
Project("{8BC9CEB8-8B4A-11D0-8D11-00A0C91BC942}") = "opencv-041-稠密光流法", "opencv-041\opencv-041.vcxproj", "{D49F1E3C-21DB-43D0-BD8A-129858E3DE8F}"
EndProject
Project("{8BC9CEB8-8B4A-11D0-8D11-00A0C91BC942}") = "opencv-042-基于均值迁移的视频分析", "opencv-042\opencv-042.vcxproj", "{AF61A655-BF54-477D-AD9D-B71D16169B51}"
EndProject
Project("{8BC9CEB8-8B4A-11D0-8D11-00A0C91BC942}") = "opencvDNN-001", "opencvDNN-001\opencvDNN-001.vcxproj", "{2C16EDE9-664C-4598-AE9D-4736BA40C38B}"
EndProject
Project("{8BC9CEB8-8B4A-11D0-8D11-00A0C91BC942}") = "opencvDNN-car-road", "opencvDNN-car-road\opencvDNN-car-road.vcxproj", "{A9B5D3A7-5D24-4CC1-BDDD-9DEB7ED52462}"
EndProject
Global
	GlobalSection(SolutionConfigurationPlatforms) = preSolution
		Debug|Any CPU = Debug|Any CPU
		Debug|x64 = Debug|x64
		Debug|x86 = Debug|x86
		Release|Any CPU = Release|Any CPU
		Release|x64 = Release|x64
		Release|x86 = Release|x86
	EndGlobalSection
	GlobalSection(ProjectConfigurationPlatforms) = postSolution
		{6515FDC7-F28C-4F5A-8620-5845665FBEBB}.Debug|Any CPU.ActiveCfg = Debug|Win32
		{6515FDC7-F28C-4F5A-8620-5845665FBEBB}.Debug|x64.ActiveCfg = Debug|x64
		{6515FDC7-F28C-4F5A-8620-5845665FBEBB}.Debug|x64.Build.0 = Debug|x64
		{6515FDC7-F28C-4F5A-8620-5845665FBEBB}.Debug|x86.ActiveCfg = Debug|Win32
		{6515FDC7-F28C-4F5A-8620-5845665FBEBB}.Debug|x86.Build.0 = Debug|Win32
		{6515FDC7-F28C-4F5A-8620-5845665FBEBB}.Release|Any CPU.ActiveCfg = Release|Win32
		{6515FDC7-F28C-4F5A-8620-5845665FBEBB}.Release|x64.ActiveCfg = Release|x64
		{6515FDC7-F28C-4F5A-8620-5845665FBEBB}.Release|x64.Build.0 = Release|x64
		{6515FDC7-F28C-4F5A-8620-5845665FBEBB}.Release|x86.ActiveCfg = Release|Win32
		{6515FDC7-F28C-4F5A-8620-5845665FBEBB}.Release|x86.Build.0 = Release|Win32
		{A023F365-618F-4BD1-8935-BB810ED31882}.Debug|Any CPU.ActiveCfg = Debug|Win32
		{A023F365-618F-4BD1-8935-BB810ED31882}.Debug|x64.ActiveCfg = Debug|x64
		{A023F365-618F-4BD1-8935-BB810ED31882}.Debug|x64.Build.0 = Debug|x64
		{A023F365-618F-4BD1-8935-BB810ED31882}.Debug|x86.ActiveCfg = Debug|Win32
		{A023F365-618F-4BD1-8935-BB810ED31882}.Debug|x86.Build.0 = Debug|Win32
		{A023F365-618F-4BD1-8935-BB810ED31882}.Release|Any CPU.ActiveCfg = Release|Win32
		{A023F365-618F-4BD1-8935-BB810ED31882}.Release|x64.ActiveCfg = Release|x64
		{A023F365-618F-4BD1-8935-BB810ED31882}.Release|x64.Build.0 = Release|x64
		{A023F365-618F-4BD1-8935-BB810ED31882}.Release|x86.ActiveCfg = Release|Win32
		{A023F365-618F-4BD1-8935-BB810ED31882}.Release|x86.Build.0 = Release|Win32
		{346E3950-8FDD-4BBA-9731-EA5F64C9E33C}.Debug|Any CPU.ActiveCfg = Debug|Win32
		{346E3950-8FDD-4BBA-9731-EA5F64C9E33C}.Debug|x64.ActiveCfg = Debug|x64
		{346E3950-8FDD-4BBA-9731-EA5F64C9E33C}.Debug|x64.Build.0 = Debug|x64
		{346E3950-8FDD-4BBA-9731-EA5F64C9E33C}.Debug|x86.ActiveCfg = Debug|Win32
		{346E3950-8FDD-4BBA-9731-EA5F64C9E33C}.Debug|x86.Build.0 = Debug|Win32
		{346E3950-8FDD-4BBA-9731-EA5F64C9E33C}.Release|Any CPU.ActiveCfg = Release|Win32
		{346E3950-8FDD-4BBA-9731-EA5F64C9E33C}.Release|x64.ActiveCfg = Release|x64
		{346E3950-8FDD-4BBA-9731-EA5F64C9E33C}.Release|x64.Build.0 = Release|x64
		{346E3950-8FDD-4BBA-9731-EA5F64C9E33C}.Release|x86.ActiveCfg = Release|Win32
		{346E3950-8FDD-4BBA-9731-EA5F64C9E33C}.Release|x86.Build.0 = Release|Win32
		{40017B1E-F4E9-440F-A826-AE0930BF5F63}.Debug|Any CPU.ActiveCfg = Debug|Win32
		{40017B1E-F4E9-440F-A826-AE0930BF5F63}.Debug|x64.ActiveCfg = Debug|x64
		{40017B1E-F4E9-440F-A826-AE0930BF5F63}.Debug|x64.Build.0 = Debug|x64
		{40017B1E-F4E9-440F-A826-AE0930BF5F63}.Debug|x86.ActiveCfg = Debug|Win32
		{40017B1E-F4E9-440F-A826-AE0930BF5F63}.Debug|x86.Build.0 = Debug|Win32
		{40017B1E-F4E9-440F-A826-AE0930BF5F63}.Release|Any CPU.ActiveCfg = Release|Win32
		{40017B1E-F4E9-440F-A826-AE0930BF5F63}.Release|x64.ActiveCfg = Release|x64
		{40017B1E-F4E9-440F-A826-AE0930BF5F63}.Release|x64.Build.0 = Release|x64
		{40017B1E-F4E9-440F-A826-AE0930BF5F63}.Release|x86.ActiveCfg = Release|Win32
		{40017B1E-F4E9-440F-A826-AE0930BF5F63}.Release|x86.Build.0 = Release|Win32
		{946F1FDD-B6BA-4A17-B29E-82DDB98669FA}.Debug|Any CPU.ActiveCfg = Debug|Win32
		{946F1FDD-B6BA-4A17-B29E-82DDB98669FA}.Debug|x64.ActiveCfg = Debug|x64
		{946F1FDD-B6BA-4A17-B29E-82DDB98669FA}.Debug|x64.Build.0 = Debug|x64
		{946F1FDD-B6BA-4A17-B29E-82DDB98669FA}.Debug|x86.ActiveCfg = Debug|Win32
		{946F1FDD-B6BA-4A17-B29E-82DDB98669FA}.Debug|x86.Build.0 = Debug|Win32
		{946F1FDD-B6BA-4A17-B29E-82DDB98669FA}.Release|Any CPU.ActiveCfg = Release|Win32
		{946F1FDD-B6BA-4A17-B29E-82DDB98669FA}.Release|x64.ActiveCfg = Release|x64
		{946F1FDD-B6BA-4A17-B29E-82DDB98669FA}.Release|x64.Build.0 = Release|x64
		{946F1FDD-B6BA-4A17-B29E-82DDB98669FA}.Release|x86.ActiveCfg = Release|Win32
		{946F1FDD-B6BA-4A17-B29E-82DDB98669FA}.Release|x86.Build.0 = Release|Win32
		{D6A9D5E6-1D94-4D20-A4FA-66594A3D4746}.Debug|Any CPU.ActiveCfg = Debug|Win32
		{D6A9D5E6-1D94-4D20-A4FA-66594A3D4746}.Debug|x64.ActiveCfg = Debug|x64
		{D6A9D5E6-1D94-4D20-A4FA-66594A3D4746}.Debug|x64.Build.0 = Debug|x64
		{D6A9D5E6-1D94-4D20-A4FA-66594A3D4746}.Debug|x86.ActiveCfg = Debug|Win32
		{D6A9D5E6-1D94-4D20-A4FA-66594A3D4746}.Debug|x86.Build.0 = Debug|Win32
		{D6A9D5E6-1D94-4D20-A4FA-66594A3D4746}.Release|Any CPU.ActiveCfg = Release|Win32
		{D6A9D5E6-1D94-4D20-A4FA-66594A3D4746}.Release|x64.ActiveCfg = Release|x64
		{D6A9D5E6-1D94-4D20-A4FA-66594A3D4746}.Release|x64.Build.0 = Release|x64
		{D6A9D5E6-1D94-4D20-A4FA-66594A3D4746}.Release|x86.ActiveCfg = Release|Win32
		{D6A9D5E6-1D94-4D20-A4FA-66594A3D4746}.Release|x86.Build.0 = Release|Win32
		{9EAF0337-050C-4CA4-94CF-679BD5E0C18C}.Debug|Any CPU.ActiveCfg = Debug|Win32
		{9EAF0337-050C-4CA4-94CF-679BD5E0C18C}.Debug|x64.ActiveCfg = Debug|x64
		{9EAF0337-050C-4CA4-94CF-679BD5E0C18C}.Debug|x64.Build.0 = Debug|x64
		{9EAF0337-050C-4CA4-94CF-679BD5E0C18C}.Debug|x86.ActiveCfg = Debug|Win32
		{9EAF0337-050C-4CA4-94CF-679BD5E0C18C}.Debug|x86.Build.0 = Debug|Win32
		{9EAF0337-050C-4CA4-94CF-679BD5E0C18C}.Release|Any CPU.ActiveCfg = Release|Win32
		{9EAF0337-050C-4CA4-94CF-679BD5E0C18C}.Release|x64.ActiveCfg = Release|x64
		{9EAF0337-050C-4CA4-94CF-679BD5E0C18C}.Release|x64.Build.0 = Release|x64
		{9EAF0337-050C-4CA4-94CF-679BD5E0C18C}.Release|x86.ActiveCfg = Release|Win32
		{9EAF0337-050C-4CA4-94CF-679BD5E0C18C}.Release|x86.Build.0 = Release|Win32
		{15B82A4B-6FF5-4259-9D83-002096BBBAC3}.Debug|Any CPU.ActiveCfg = Debug|Win32
		{15B82A4B-6FF5-4259-9D83-002096BBBAC3}.Debug|x64.ActiveCfg = Debug|x64
		{15B82A4B-6FF5-4259-9D83-002096BBBAC3}.Debug|x64.Build.0 = Debug|x64
		{15B82A4B-6FF5-4259-9D83-002096BBBAC3}.Debug|x86.ActiveCfg = Debug|Win32
		{15B82A4B-6FF5-4259-9D83-002096BBBAC3}.Debug|x86.Build.0 = Debug|Win32
		{15B82A4B-6FF5-4259-9D83-002096BBBAC3}.Release|Any CPU.ActiveCfg = Release|Win32
		{15B82A4B-6FF5-4259-9D83-002096BBBAC3}.Release|x64.ActiveCfg = Release|x64
		{15B82A4B-6FF5-4259-9D83-002096BBBAC3}.Release|x64.Build.0 = Release|x64
		{15B82A4B-6FF5-4259-9D83-002096BBBAC3}.Release|x86.ActiveCfg = Release|Win32
		{15B82A4B-6FF5-4259-9D83-002096BBBAC3}.Release|x86.Build.0 = Release|Win32
		{3A811164-9534-49C6-B48D-3562054BAEDB}.Debug|Any CPU.ActiveCfg = Debug|Win32
		{3A811164-9534-49C6-B48D-3562054BAEDB}.Debug|x64.ActiveCfg = Debug|x64
		{3A811164-9534-49C6-B48D-3562054BAEDB}.Debug|x64.Build.0 = Debug|x64
		{3A811164-9534-49C6-B48D-3562054BAEDB}.Debug|x86.ActiveCfg = Debug|Win32
		{3A811164-9534-49C6-B48D-3562054BAEDB}.Debug|x86.Build.0 = Debug|Win32
		{3A811164-9534-49C6-B48D-3562054BAEDB}.Release|Any CPU.ActiveCfg = Release|Win32
		{3A811164-9534-49C6-B48D-3562054BAEDB}.Release|x64.ActiveCfg = Release|x64
		{3A811164-9534-49C6-B48D-3562054BAEDB}.Release|x64.Build.0 = Release|x64
		{3A811164-9534-49C6-B48D-3562054BAEDB}.Release|x86.ActiveCfg = Release|Win32
		{3A811164-9534-49C6-B48D-3562054BAEDB}.Release|x86.Build.0 = Release|Win32
		{57871E69-F4CE-42F3-B54F-EEB976419C31}.Debug|Any CPU.ActiveCfg = Debug|Win32
		{57871E69-F4CE-42F3-B54F-EEB976419C31}.Debug|x64.ActiveCfg = Debug|x64
		{57871E69-F4CE-42F3-B54F-EEB976419C31}.Debug|x64.Build.0 = Debug|x64
		{57871E69-F4CE-42F3-B54F-EEB976419C31}.Debug|x86.ActiveCfg = Debug|Win32
		{57871E69-F4CE-42F3-B54F-EEB976419C31}.Debug|x86.Build.0 = Debug|Win32
		{57871E69-F4CE-42F3-B54F-EEB976419C31}.Release|Any CPU.ActiveCfg = Release|Win32
		{57871E69-F4CE-42F3-B54F-EEB976419C31}.Release|x64.ActiveCfg = Release|x64
		{57871E69-F4CE-42F3-B54F-EEB976419C31}.Release|x64.Build.0 = Release|x64
		{57871E69-F4CE-42F3-B54F-EEB976419C31}.Release|x86.ActiveCfg = Release|Win32
		{57871E69-F4CE-42F3-B54F-EEB976419C31}.Release|x86.Build.0 = Release|Win32
		{BD2D866A-A93D-4C65-8E95-8631929AA0A8}.Debug|Any CPU.ActiveCfg = Debug|Win32
		{BD2D866A-A93D-4C65-8E95-8631929AA0A8}.Debug|x64.ActiveCfg = Debug|x64
		{BD2D866A-A93D-4C65-8E95-8631929AA0A8}.Debug|x64.Build.0 = Debug|x64
		{BD2D866A-A93D-4C65-8E95-8631929AA0A8}.Debug|x86.ActiveCfg = Debug|Win32
		{BD2D866A-A93D-4C65-8E95-8631929AA0A8}.Debug|x86.Build.0 = Debug|Win32
		{BD2D866A-A93D-4C65-8E95-8631929AA0A8}.Release|Any CPU.ActiveCfg = Release|Win32
		{BD2D866A-A93D-4C65-8E95-8631929AA0A8}.Release|x64.ActiveCfg = Release|x64
		{BD2D866A-A93D-4C65-8E95-8631929AA0A8}.Release|x64.Build.0 = Release|x64
		{BD2D866A-A93D-4C65-8E95-8631929AA0A8}.Release|x86.ActiveCfg = Release|Win32
		{BD2D866A-A93D-4C65-8E95-8631929AA0A8}.Release|x86.Build.0 = Release|Win32
		{41922409-ED2E-43E2-BA30-4E3BC06A8290}.Debug|Any CPU.ActiveCfg = Debug|Win32
		{41922409-ED2E-43E2-BA30-4E3BC06A8290}.Debug|x64.ActiveCfg = Debug|x64
		{41922409-ED2E-43E2-BA30-4E3BC06A8290}.Debug|x64.Build.0 = Debug|x64
		{41922409-ED2E-43E2-BA30-4E3BC06A8290}.Debug|x86.ActiveCfg = Debug|Win32
		{41922409-ED2E-43E2-BA30-4E3BC06A8290}.Debug|x86.Build.0 = Debug|Win32
		{41922409-ED2E-43E2-BA30-4E3BC06A8290}.Release|Any CPU.ActiveCfg = Release|Win32
		{41922409-ED2E-43E2-BA30-4E3BC06A8290}.Release|x64.ActiveCfg = Release|x64
		{41922409-ED2E-43E2-BA30-4E3BC06A8290}.Release|x64.Build.0 = Release|x64
		{41922409-ED2E-43E2-BA30-4E3BC06A8290}.Release|x86.ActiveCfg = Release|Win32
		{41922409-ED2E-43E2-BA30-4E3BC06A8290}.Release|x86.Build.0 = Release|Win32
		{973FB549-392A-4449-A49D-02475AE07852}.Debug|Any CPU.ActiveCfg = Debug|Win32
		{973FB549-392A-4449-A49D-02475AE07852}.Debug|x64.ActiveCfg = Debug|x64
		{973FB549-392A-4449-A49D-02475AE07852}.Debug|x64.Build.0 = Debug|x64
		{973FB549-392A-4449-A49D-02475AE07852}.Debug|x86.ActiveCfg = Debug|Win32
		{973FB549-392A-4449-A49D-02475AE07852}.Debug|x86.Build.0 = Debug|Win32
		{973FB549-392A-4449-A49D-02475AE07852}.Release|Any CPU.ActiveCfg = Release|Win32
		{973FB549-392A-4449-A49D-02475AE07852}.Release|x64.ActiveCfg = Release|x64
		{973FB549-392A-4449-A49D-02475AE07852}.Release|x64.Build.0 = Release|x64
		{973FB549-392A-4449-A49D-02475AE07852}.Release|x86.ActiveCfg = Release|Win32
		{973FB549-392A-4449-A49D-02475AE07852}.Release|x86.Build.0 = Release|Win32
		{4FDD74C6-5EBE-46CE-A0F4-F057326C71BE}.Debug|Any CPU.ActiveCfg = Debug|Win32
		{4FDD74C6-5EBE-46CE-A0F4-F057326C71BE}.Debug|x64.ActiveCfg = Debug|x64
		{4FDD74C6-5EBE-46CE-A0F4-F057326C71BE}.Debug|x64.Build.0 = Debug|x64
		{4FDD74C6-5EBE-46CE-A0F4-F057326C71BE}.Debug|x86.ActiveCfg = Debug|Win32
		{4FDD74C6-5EBE-46CE-A0F4-F057326C71BE}.Debug|x86.Build.0 = Debug|Win32
		{4FDD74C6-5EBE-46CE-A0F4-F057326C71BE}.Release|Any CPU.ActiveCfg = Release|Win32
		{4FDD74C6-5EBE-46CE-A0F4-F057326C71BE}.Release|x64.ActiveCfg = Release|x64
		{4FDD74C6-5EBE-46CE-A0F4-F057326C71BE}.Release|x64.Build.0 = Release|x64
		{4FDD74C6-5EBE-46CE-A0F4-F057326C71BE}.Release|x86.ActiveCfg = Release|Win32
		{4FDD74C6-5EBE-46CE-A0F4-F057326C71BE}.Release|x86.Build.0 = Release|Win32
		{0F7392A4-4EC8-4115-8A72-E4AAFE00CDBB}.Debug|Any CPU.ActiveCfg = Debug|Win32
		{0F7392A4-4EC8-4115-8A72-E4AAFE00CDBB}.Debug|x64.ActiveCfg = Debug|x64
		{0F7392A4-4EC8-4115-8A72-E4AAFE00CDBB}.Debug|x64.Build.0 = Debug|x64
		{0F7392A4-4EC8-4115-8A72-E4AAFE00CDBB}.Debug|x86.ActiveCfg = Debug|Win32
		{0F7392A4-4EC8-4115-8A72-E4AAFE00CDBB}.Debug|x86.Build.0 = Debug|Win32
		{0F7392A4-4EC8-4115-8A72-E4AAFE00CDBB}.Release|Any CPU.ActiveCfg = Release|Win32
		{0F7392A4-4EC8-4115-8A72-E4AAFE00CDBB}.Release|x64.ActiveCfg = Release|x64
		{0F7392A4-4EC8-4115-8A72-E4AAFE00CDBB}.Release|x64.Build.0 = Release|x64
		{0F7392A4-4EC8-4115-8A72-E4AAFE00CDBB}.Release|x86.ActiveCfg = Release|Win32
		{0F7392A4-4EC8-4115-8A72-E4AAFE00CDBB}.Release|x86.Build.0 = Release|Win32
		{FFCA7C18-832F-40C2-934A-047C06FFAD12}.Debug|Any CPU.ActiveCfg = Debug|Win32
		{FFCA7C18-832F-40C2-934A-047C06FFAD12}.Debug|x64.ActiveCfg = Debug|x64
		{FFCA7C18-832F-40C2-934A-047C06FFAD12}.Debug|x64.Build.0 = Debug|x64
		{FFCA7C18-832F-40C2-934A-047C06FFAD12}.Debug|x86.ActiveCfg = Debug|Win32
		{FFCA7C18-832F-40C2-934A-047C06FFAD12}.Debug|x86.Build.0 = Debug|Win32
		{FFCA7C18-832F-40C2-934A-047C06FFAD12}.Release|Any CPU.ActiveCfg = Release|Win32
		{FFCA7C18-832F-40C2-934A-047C06FFAD12}.Release|x64.ActiveCfg = Release|x64
		{FFCA7C18-832F-40C2-934A-047C06FFAD12}.Release|x64.Build.0 = Release|x64
		{FFCA7C18-832F-40C2-934A-047C06FFAD12}.Release|x86.ActiveCfg = Release|Win32
		{FFCA7C18-832F-40C2-934A-047C06FFAD12}.Release|x86.Build.0 = Release|Win32
		{E9F691FA-4E4E-4A8F-9B22-0AEE118C1473}.Debug|Any CPU.ActiveCfg = Debug|Win32
		{E9F691FA-4E4E-4A8F-9B22-0AEE118C1473}.Debug|x64.ActiveCfg = Debug|x64
		{E9F691FA-4E4E-4A8F-9B22-0AEE118C1473}.Debug|x64.Build.0 = Debug|x64
		{E9F691FA-4E4E-4A8F-9B22-0AEE118C1473}.Debug|x86.ActiveCfg = Debug|Win32
		{E9F691FA-4E4E-4A8F-9B22-0AEE118C1473}.Debug|x86.Build.0 = Debug|Win32
		{E9F691FA-4E4E-4A8F-9B22-0AEE118C1473}.Release|Any CPU.ActiveCfg = Release|Win32
		{E9F691FA-4E4E-4A8F-9B22-0AEE118C1473}.Release|x64.ActiveCfg = Release|x64
		{E9F691FA-4E4E-4A8F-9B22-0AEE118C1473}.Release|x64.Build.0 = Release|x64
		{E9F691FA-4E4E-4A8F-9B22-0AEE118C1473}.Release|x86.ActiveCfg = Release|Win32
		{E9F691FA-4E4E-4A8F-9B22-0AEE118C1473}.Release|x86.Build.0 = Release|Win32
		{150C76D2-A6EB-4755-91A7-3D4267304C9D}.Debug|Any CPU.ActiveCfg = Debug|Win32
		{150C76D2-A6EB-4755-91A7-3D4267304C9D}.Debug|x64.ActiveCfg = Debug|x64
		{150C76D2-A6EB-4755-91A7-3D4267304C9D}.Debug|x64.Build.0 = Debug|x64
		{150C76D2-A6EB-4755-91A7-3D4267304C9D}.Debug|x86.ActiveCfg = Debug|Win32
		{150C76D2-A6EB-4755-91A7-3D4267304C9D}.Debug|x86.Build.0 = Debug|Win32
		{150C76D2-A6EB-4755-91A7-3D4267304C9D}.Release|Any CPU.ActiveCfg = Release|Win32
		{150C76D2-A6EB-4755-91A7-3D4267304C9D}.Release|x64.ActiveCfg = Release|x64
		{150C76D2-A6EB-4755-91A7-3D4267304C9D}.Release|x64.Build.0 = Release|x64
		{150C76D2-A6EB-4755-91A7-3D4267304C9D}.Release|x86.ActiveCfg = Release|Win32
		{150C76D2-A6EB-4755-91A7-3D4267304C9D}.Release|x86.Build.0 = Release|Win32
		{B4FD014F-3963-4611-871A-DDEC0A53025C}.Debug|Any CPU.ActiveCfg = Debug|Win32
		{B4FD014F-3963-4611-871A-DDEC0A53025C}.Debug|x64.ActiveCfg = Debug|x64
		{B4FD014F-3963-4611-871A-DDEC0A53025C}.Debug|x64.Build.0 = Debug|x64
		{B4FD014F-3963-4611-871A-DDEC0A53025C}.Debug|x86.ActiveCfg = Debug|Win32
		{B4FD014F-3963-4611-871A-DDEC0A53025C}.Debug|x86.Build.0 = Debug|Win32
		{B4FD014F-3963-4611-871A-DDEC0A53025C}.Release|Any CPU.ActiveCfg = Release|Win32
		{B4FD014F-3963-4611-871A-DDEC0A53025C}.Release|x64.ActiveCfg = Release|x64
		{B4FD014F-3963-4611-871A-DDEC0A53025C}.Release|x64.Build.0 = Release|x64
		{B4FD014F-3963-4611-871A-DDEC0A53025C}.Release|x86.ActiveCfg = Release|Win32
		{B4FD014F-3963-4611-871A-DDEC0A53025C}.Release|x86.Build.0 = Release|Win32
		{C2F3B75C-B87A-4623-B669-2332A96FBB96}.Debug|Any CPU.ActiveCfg = Debug|Win32
		{C2F3B75C-B87A-4623-B669-2332A96FBB96}.Debug|x64.ActiveCfg = Debug|x64
		{C2F3B75C-B87A-4623-B669-2332A96FBB96}.Debug|x64.Build.0 = Debug|x64
		{C2F3B75C-B87A-4623-B669-2332A96FBB96}.Debug|x86.ActiveCfg = Debug|Win32
		{C2F3B75C-B87A-4623-B669-2332A96FBB96}.Debug|x86.Build.0 = Debug|Win32
		{C2F3B75C-B87A-4623-B669-2332A96FBB96}.Release|Any CPU.ActiveCfg = Release|Win32
		{C2F3B75C-B87A-4623-B669-2332A96FBB96}.Release|x64.ActiveCfg = Release|x64
		{C2F3B75C-B87A-4623-B669-2332A96FBB96}.Release|x64.Build.0 = Release|x64
		{C2F3B75C-B87A-4623-B669-2332A96FBB96}.Release|x86.ActiveCfg = Release|Win32
		{C2F3B75C-B87A-4623-B669-2332A96FBB96}.Release|x86.Build.0 = Release|Win32
		{F0E76232-04A0-4533-B8BB-60A9BEDD445E}.Debug|Any CPU.ActiveCfg = Debug|Win32
		{F0E76232-04A0-4533-B8BB-60A9BEDD445E}.Debug|x64.ActiveCfg = Debug|x64
		{F0E76232-04A0-4533-B8BB-60A9BEDD445E}.Debug|x64.Build.0 = Debug|x64
		{F0E76232-04A0-4533-B8BB-60A9BEDD445E}.Debug|x86.ActiveCfg = Debug|Win32
		{F0E76232-04A0-4533-B8BB-60A9BEDD445E}.Debug|x86.Build.0 = Debug|Win32
		{F0E76232-04A0-4533-B8BB-60A9BEDD445E}.Release|Any CPU.ActiveCfg = Release|Win32
		{F0E76232-04A0-4533-B8BB-60A9BEDD445E}.Release|x64.ActiveCfg = Release|x64
		{F0E76232-04A0-4533-B8BB-60A9BEDD445E}.Release|x64.Build.0 = Release|x64
		{F0E76232-04A0-4533-B8BB-60A9BEDD445E}.Release|x86.ActiveCfg = Release|Win32
		{F0E76232-04A0-4533-B8BB-60A9BEDD445E}.Release|x86.Build.0 = Release|Win32
		{78918556-1BE0-4B1B-AAFF-942F00E40969}.Debug|Any CPU.ActiveCfg = Debug|Win32
		{78918556-1BE0-4B1B-AAFF-942F00E40969}.Debug|x64.ActiveCfg = Debug|x64
		{78918556-1BE0-4B1B-AAFF-942F00E40969}.Debug|x64.Build.0 = Debug|x64
		{78918556-1BE0-4B1B-AAFF-942F00E40969}.Debug|x86.ActiveCfg = Debug|Win32
		{78918556-1BE0-4B1B-AAFF-942F00E40969}.Debug|x86.Build.0 = Debug|Win32
		{78918556-1BE0-4B1B-AAFF-942F00E40969}.Release|Any CPU.ActiveCfg = Release|Win32
		{78918556-1BE0-4B1B-AAFF-942F00E40969}.Release|x64.ActiveCfg = Release|x64
		{78918556-1BE0-4B1B-AAFF-942F00E40969}.Release|x64.Build.0 = Release|x64
		{78918556-1BE0-4B1B-AAFF-942F00E40969}.Release|x86.ActiveCfg = Release|Win32
		{78918556-1BE0-4B1B-AAFF-942F00E40969}.Release|x86.Build.0 = Release|Win32
		{196C21AB-6749-46DB-AEDA-A2BD8971A924}.Debug|Any CPU.ActiveCfg = Debug|Win32
		{196C21AB-6749-46DB-AEDA-A2BD8971A924}.Debug|x64.ActiveCfg = Debug|x64
		{196C21AB-6749-46DB-AEDA-A2BD8971A924}.Debug|x64.Build.0 = Debug|x64
		{196C21AB-6749-46DB-AEDA-A2BD8971A924}.Debug|x86.ActiveCfg = Debug|Win32
		{196C21AB-6749-46DB-AEDA-A2BD8971A924}.Debug|x86.Build.0 = Debug|Win32
		{196C21AB-6749-46DB-AEDA-A2BD8971A924}.Release|Any CPU.ActiveCfg = Release|Win32
		{196C21AB-6749-46DB-AEDA-A2BD8971A924}.Release|x64.ActiveCfg = Release|x64
		{196C21AB-6749-46DB-AEDA-A2BD8971A924}.Release|x64.Build.0 = Release|x64
		{196C21AB-6749-46DB-AEDA-A2BD8971A924}.Release|x86.ActiveCfg = Release|Win32
		{196C21AB-6749-46DB-AEDA-A2BD8971A924}.Release|x86.Build.0 = Release|Win32
		{1E8620E6-3216-49B8-AEB5-68E6E0DDB93D}.Debug|Any CPU.ActiveCfg = Debug|Win32
		{1E8620E6-3216-49B8-AEB5-68E6E0DDB93D}.Debug|x64.ActiveCfg = Debug|x64
		{1E8620E6-3216-49B8-AEB5-68E6E0DDB93D}.Debug|x64.Build.0 = Debug|x64
		{1E8620E6-3216-49B8-AEB5-68E6E0DDB93D}.Debug|x86.ActiveCfg = Debug|Win32
		{1E8620E6-3216-49B8-AEB5-68E6E0DDB93D}.Debug|x86.Build.0 = Debug|Win32
		{1E8620E6-3216-49B8-AEB5-68E6E0DDB93D}.Release|Any CPU.ActiveCfg = Release|Win32
		{1E8620E6-3216-49B8-AEB5-68E6E0DDB93D}.Release|x64.ActiveCfg = Release|x64
		{1E8620E6-3216-49B8-AEB5-68E6E0DDB93D}.Release|x64.Build.0 = Release|x64
		{1E8620E6-3216-49B8-AEB5-68E6E0DDB93D}.Release|x86.ActiveCfg = Release|Win32
		{1E8620E6-3216-49B8-AEB5-68E6E0DDB93D}.Release|x86.Build.0 = Release|Win32
		{278FF891-92F0-4429-BFDF-7DF2238E18FD}.Debug|Any CPU.ActiveCfg = Debug|Win32
		{278FF891-92F0-4429-BFDF-7DF2238E18FD}.Debug|x64.ActiveCfg = Debug|x64
		{278FF891-92F0-4429-BFDF-7DF2238E18FD}.Debug|x64.Build.0 = Debug|x64
		{278FF891-92F0-4429-BFDF-7DF2238E18FD}.Debug|x86.ActiveCfg = Debug|Win32
		{278FF891-92F0-4429-BFDF-7DF2238E18FD}.Debug|x86.Build.0 = Debug|Win32
		{278FF891-92F0-4429-BFDF-7DF2238E18FD}.Release|Any CPU.ActiveCfg = Release|Win32
		{278FF891-92F0-4429-BFDF-7DF2238E18FD}.Release|x64.ActiveCfg = Release|x64
		{278FF891-92F0-4429-BFDF-7DF2238E18FD}.Release|x64.Build.0 = Release|x64
		{278FF891-92F0-4429-BFDF-7DF2238E18FD}.Release|x86.ActiveCfg = Release|Win32
		{278FF891-92F0-4429-BFDF-7DF2238E18FD}.Release|x86.Build.0 = Release|Win32
		{CAA228E2-1291-40AB-B279-8F2FF0F2D001}.Debug|Any CPU.ActiveCfg = Debug|Win32
		{CAA228E2-1291-40AB-B279-8F2FF0F2D001}.Debug|x64.ActiveCfg = Debug|x64
		{CAA228E2-1291-40AB-B279-8F2FF0F2D001}.Debug|x64.Build.0 = Debug|x64
		{CAA228E2-1291-40AB-B279-8F2FF0F2D001}.Debug|x86.ActiveCfg = Debug|Win32
		{CAA228E2-1291-40AB-B279-8F2FF0F2D001}.Debug|x86.Build.0 = Debug|Win32
		{CAA228E2-1291-40AB-B279-8F2FF0F2D001}.Release|Any CPU.ActiveCfg = Release|Win32
		{CAA228E2-1291-40AB-B279-8F2FF0F2D001}.Release|x64.ActiveCfg = Release|x64
		{CAA228E2-1291-40AB-B279-8F2FF0F2D001}.Release|x64.Build.0 = Release|x64
		{CAA228E2-1291-40AB-B279-8F2FF0F2D001}.Release|x86.ActiveCfg = Release|Win32
		{CAA228E2-1291-40AB-B279-8F2FF0F2D001}.Release|x86.Build.0 = Release|Win32
		{9E17A5E3-5459-4996-8095-4A8568A068C0}.Debug|Any CPU.ActiveCfg = Debug|Win32
		{9E17A5E3-5459-4996-8095-4A8568A068C0}.Debug|x64.ActiveCfg = Debug|x64
		{9E17A5E3-5459-4996-8095-4A8568A068C0}.Debug|x64.Build.0 = Debug|x64
		{9E17A5E3-5459-4996-8095-4A8568A068C0}.Debug|x86.ActiveCfg = Debug|Win32
		{9E17A5E3-5459-4996-8095-4A8568A068C0}.Debug|x86.Build.0 = Debug|Win32
		{9E17A5E3-5459-4996-8095-4A8568A068C0}.Release|Any CPU.ActiveCfg = Release|Win32
		{9E17A5E3-5459-4996-8095-4A8568A068C0}.Release|x64.ActiveCfg = Release|x64
		{9E17A5E3-5459-4996-8095-4A8568A068C0}.Release|x64.Build.0 = Release|x64
		{9E17A5E3-5459-4996-8095-4A8568A068C0}.Release|x86.ActiveCfg = Release|Win32
		{9E17A5E3-5459-4996-8095-4A8568A068C0}.Release|x86.Build.0 = Release|Win32
		{9729CD49-93B0-4202-8277-65029D6EE4CF}.Debug|Any CPU.ActiveCfg = Debug|Win32
		{9729CD49-93B0-4202-8277-65029D6EE4CF}.Debug|x64.ActiveCfg = Debug|x64
		{9729CD49-93B0-4202-8277-65029D6EE4CF}.Debug|x64.Build.0 = Debug|x64
		{9729CD49-93B0-4202-8277-65029D6EE4CF}.Debug|x86.ActiveCfg = Debug|Win32
		{9729CD49-93B0-4202-8277-65029D6EE4CF}.Debug|x86.Build.0 = Debug|Win32
		{9729CD49-93B0-4202-8277-65029D6EE4CF}.Release|Any CPU.ActiveCfg = Release|Win32
		{9729CD49-93B0-4202-8277-65029D6EE4CF}.Release|x64.ActiveCfg = Release|x64
		{9729CD49-93B0-4202-8277-65029D6EE4CF}.Release|x64.Build.0 = Release|x64
		{9729CD49-93B0-4202-8277-65029D6EE4CF}.Release|x86.ActiveCfg = Release|Win32
		{9729CD49-93B0-4202-8277-65029D6EE4CF}.Release|x86.Build.0 = Release|Win32
		{2202DD92-2705-4E27-A2F6-0F435E014020}.Debug|Any CPU.ActiveCfg = Debug|Win32
		{2202DD92-2705-4E27-A2F6-0F435E014020}.Debug|x64.ActiveCfg = Debug|x64
		{2202DD92-2705-4E27-A2F6-0F435E014020}.Debug|x64.Build.0 = Debug|x64
		{2202DD92-2705-4E27-A2F6-0F435E014020}.Debug|x86.ActiveCfg = Debug|Win32
		{2202DD92-2705-4E27-A2F6-0F435E014020}.Debug|x86.Build.0 = Debug|Win32
		{2202DD92-2705-4E27-A2F6-0F435E014020}.Release|Any CPU.ActiveCfg = Release|Win32
		{2202DD92-2705-4E27-A2F6-0F435E014020}.Release|x64.ActiveCfg = Release|x64
		{2202DD92-2705-4E27-A2F6-0F435E014020}.Release|x64.Build.0 = Release|x64
		{2202DD92-2705-4E27-A2F6-0F435E014020}.Release|x86.ActiveCfg = Release|Win32
		{2202DD92-2705-4E27-A2F6-0F435E014020}.Release|x86.Build.0 = Release|Win32
		{7993BCF1-C83C-48B8-BAA2-18C3FA31C790}.Debug|Any CPU.ActiveCfg = Debug|Win32
		{7993BCF1-C83C-48B8-BAA2-18C3FA31C790}.Debug|x64.ActiveCfg = Debug|x64
		{7993BCF1-C83C-48B8-BAA2-18C3FA31C790}.Debug|x64.Build.0 = Debug|x64
		{7993BCF1-C83C-48B8-BAA2-18C3FA31C790}.Debug|x86.ActiveCfg = Debug|Win32
		{7993BCF1-C83C-48B8-BAA2-18C3FA31C790}.Debug|x86.Build.0 = Debug|Win32
		{7993BCF1-C83C-48B8-BAA2-18C3FA31C790}.Release|Any CPU.ActiveCfg = Release|Win32
		{7993BCF1-C83C-48B8-BAA2-18C3FA31C790}.Release|x64.ActiveCfg = Release|x64
		{7993BCF1-C83C-48B8-BAA2-18C3FA31C790}.Release|x64.Build.0 = Release|x64
		{7993BCF1-C83C-48B8-BAA2-18C3FA31C790}.Release|x86.ActiveCfg = Release|Win32
		{7993BCF1-C83C-48B8-BAA2-18C3FA31C790}.Release|x86.Build.0 = Release|Win32
		{766E5774-4FAE-4B12-923F-BFBA9EDD89C2}.Debug|Any CPU.ActiveCfg = Debug|Win32
		{766E5774-4FAE-4B12-923F-BFBA9EDD89C2}.Debug|x64.ActiveCfg = Debug|x64
		{766E5774-4FAE-4B12-923F-BFBA9EDD89C2}.Debug|x64.Build.0 = Debug|x64
		{766E5774-4FAE-4B12-923F-BFBA9EDD89C2}.Debug|x86.ActiveCfg = Debug|Win32
		{766E5774-4FAE-4B12-923F-BFBA9EDD89C2}.Debug|x86.Build.0 = Debug|Win32
		{766E5774-4FAE-4B12-923F-BFBA9EDD89C2}.Release|Any CPU.ActiveCfg = Release|Win32
		{766E5774-4FAE-4B12-923F-BFBA9EDD89C2}.Release|x64.ActiveCfg = Release|x64
		{766E5774-4FAE-4B12-923F-BFBA9EDD89C2}.Release|x64.Build.0 = Release|x64
		{766E5774-4FAE-4B12-923F-BFBA9EDD89C2}.Release|x86.ActiveCfg = Release|Win32
		{766E5774-4FAE-4B12-923F-BFBA9EDD89C2}.Release|x86.Build.0 = Release|Win32
		{2828B7B5-8845-4883-8343-5E0C242AF82D}.Debug|Any CPU.ActiveCfg = Debug|Win32
		{2828B7B5-8845-4883-8343-5E0C242AF82D}.Debug|x64.ActiveCfg = Debug|x64
		{2828B7B5-8845-4883-8343-5E0C242AF82D}.Debug|x64.Build.0 = Debug|x64
		{2828B7B5-8845-4883-8343-5E0C242AF82D}.Debug|x86.ActiveCfg = Debug|Win32
		{2828B7B5-8845-4883-8343-5E0C242AF82D}.Debug|x86.Build.0 = Debug|Win32
		{2828B7B5-8845-4883-8343-5E0C242AF82D}.Release|Any CPU.ActiveCfg = Release|Win32
		{2828B7B5-8845-4883-8343-5E0C242AF82D}.Release|x64.ActiveCfg = Release|x64
		{2828B7B5-8845-4883-8343-5E0C242AF82D}.Release|x64.Build.0 = Release|x64
		{2828B7B5-8845-4883-8343-5E0C242AF82D}.Release|x86.ActiveCfg = Release|Win32
		{2828B7B5-8845-4883-8343-5E0C242AF82D}.Release|x86.Build.0 = Release|Win32
		{608D79D5-D265-4041-826F-6E9CA934BC7B}.Debug|Any CPU.ActiveCfg = Debug|Win32
		{608D79D5-D265-4041-826F-6E9CA934BC7B}.Debug|x64.ActiveCfg = Debug|x64
		{608D79D5-D265-4041-826F-6E9CA934BC7B}.Debug|x64.Build.0 = Debug|x64
		{608D79D5-D265-4041-826F-6E9CA934BC7B}.Debug|x86.ActiveCfg = Debug|Win32
		{608D79D5-D265-4041-826F-6E9CA934BC7B}.Debug|x86.Build.0 = Debug|Win32
		{608D79D5-D265-4041-826F-6E9CA934BC7B}.Release|Any CPU.ActiveCfg = Release|Win32
		{608D79D5-D265-4041-826F-6E9CA934BC7B}.Release|x64.ActiveCfg = Release|x64
		{608D79D5-D265-4041-826F-6E9CA934BC7B}.Release|x64.Build.0 = Release|x64
		{608D79D5-D265-4041-826F-6E9CA934BC7B}.Release|x86.ActiveCfg = Release|Win32
		{608D79D5-D265-4041-826F-6E9CA934BC7B}.Release|x86.Build.0 = Release|Win32
		{8905383C-A53B-4EE4-B09F-98BEC16EDFF1}.Debug|Any CPU.ActiveCfg = Debug|Win32
		{8905383C-A53B-4EE4-B09F-98BEC16EDFF1}.Debug|x64.ActiveCfg = Debug|x64
		{8905383C-A53B-4EE4-B09F-98BEC16EDFF1}.Debug|x64.Build.0 = Debug|x64
		{8905383C-A53B-4EE4-B09F-98BEC16EDFF1}.Debug|x86.ActiveCfg = Debug|Win32
		{8905383C-A53B-4EE4-B09F-98BEC16EDFF1}.Debug|x86.Build.0 = Debug|Win32
		{8905383C-A53B-4EE4-B09F-98BEC16EDFF1}.Release|Any CPU.ActiveCfg = Release|Win32
		{8905383C-A53B-4EE4-B09F-98BEC16EDFF1}.Release|x64.ActiveCfg = Release|x64
		{8905383C-A53B-4EE4-B09F-98BEC16EDFF1}.Release|x64.Build.0 = Release|x64
		{8905383C-A53B-4EE4-B09F-98BEC16EDFF1}.Release|x86.ActiveCfg = Release|Win32
		{8905383C-A53B-4EE4-B09F-98BEC16EDFF1}.Release|x86.Build.0 = Release|Win32
		{02CFD40B-32C5-49A8-96EE-A062935C6092}.Debug|Any CPU.ActiveCfg = Debug|Win32
		{02CFD40B-32C5-49A8-96EE-A062935C6092}.Debug|x64.ActiveCfg = Debug|x64
		{02CFD40B-32C5-49A8-96EE-A062935C6092}.Debug|x64.Build.0 = Debug|x64
		{02CFD40B-32C5-49A8-96EE-A062935C6092}.Debug|x86.ActiveCfg = Debug|Win32
		{02CFD40B-32C5-49A8-96EE-A062935C6092}.Debug|x86.Build.0 = Debug|Win32
		{02CFD40B-32C5-49A8-96EE-A062935C6092}.Release|Any CPU.ActiveCfg = Release|Win32
		{02CFD40B-32C5-49A8-96EE-A062935C6092}.Release|x64.ActiveCfg = Release|x64
		{02CFD40B-32C5-49A8-96EE-A062935C6092}.Release|x64.Build.0 = Release|x64
		{02CFD40B-32C5-49A8-96EE-A062935C6092}.Release|x86.ActiveCfg = Release|Win32
		{02CFD40B-32C5-49A8-96EE-A062935C6092}.Release|x86.Build.0 = Release|Win32
		{B7D6FCF5-6102-4E76-AAC0-D6E8211E3A01}.Debug|Any CPU.ActiveCfg = Debug|Win32
		{B7D6FCF5-6102-4E76-AAC0-D6E8211E3A01}.Debug|x64.ActiveCfg = Debug|x64
		{B7D6FCF5-6102-4E76-AAC0-D6E8211E3A01}.Debug|x64.Build.0 = Debug|x64
		{B7D6FCF5-6102-4E76-AAC0-D6E8211E3A01}.Debug|x86.ActiveCfg = Debug|Win32
		{B7D6FCF5-6102-4E76-AAC0-D6E8211E3A01}.Debug|x86.Build.0 = Debug|Win32
		{B7D6FCF5-6102-4E76-AAC0-D6E8211E3A01}.Release|Any CPU.ActiveCfg = Release|Win32
		{B7D6FCF5-6102-4E76-AAC0-D6E8211E3A01}.Release|x64.ActiveCfg = Release|x64
		{B7D6FCF5-6102-4E76-AAC0-D6E8211E3A01}.Release|x64.Build.0 = Release|x64
		{B7D6FCF5-6102-4E76-AAC0-D6E8211E3A01}.Release|x86.ActiveCfg = Release|Win32
		{B7D6FCF5-6102-4E76-AAC0-D6E8211E3A01}.Release|x86.Build.0 = Release|Win32
		{EE7F8A56-36F9-4A99-94FC-7015718480C3}.Debug|Any CPU.ActiveCfg = Debug|Win32
		{EE7F8A56-36F9-4A99-94FC-7015718480C3}.Debug|x64.ActiveCfg = Debug|x64
		{EE7F8A56-36F9-4A99-94FC-7015718480C3}.Debug|x64.Build.0 = Debug|x64
		{EE7F8A56-36F9-4A99-94FC-7015718480C3}.Debug|x86.ActiveCfg = Debug|Win32
		{EE7F8A56-36F9-4A99-94FC-7015718480C3}.Debug|x86.Build.0 = Debug|Win32
		{EE7F8A56-36F9-4A99-94FC-7015718480C3}.Release|Any CPU.ActiveCfg = Release|Win32
		{EE7F8A56-36F9-4A99-94FC-7015718480C3}.Release|x64.ActiveCfg = Release|x64
		{EE7F8A56-36F9-4A99-94FC-7015718480C3}.Release|x64.Build.0 = Release|x64
		{EE7F8A56-36F9-4A99-94FC-7015718480C3}.Release|x86.ActiveCfg = Release|Win32
		{EE7F8A56-36F9-4A99-94FC-7015718480C3}.Release|x86.Build.0 = Release|Win32
		{AD13554E-3AF4-4439-856B-674EB4AE51F7}.Debug|Any CPU.ActiveCfg = Debug|Win32
		{AD13554E-3AF4-4439-856B-674EB4AE51F7}.Debug|x64.ActiveCfg = Debug|x64
		{AD13554E-3AF4-4439-856B-674EB4AE51F7}.Debug|x64.Build.0 = Debug|x64
		{AD13554E-3AF4-4439-856B-674EB4AE51F7}.Debug|x86.ActiveCfg = Debug|Win32
		{AD13554E-3AF4-4439-856B-674EB4AE51F7}.Debug|x86.Build.0 = Debug|Win32
		{AD13554E-3AF4-4439-856B-674EB4AE51F7}.Release|Any CPU.ActiveCfg = Release|Win32
		{AD13554E-3AF4-4439-856B-674EB4AE51F7}.Release|x64.ActiveCfg = Release|x64
		{AD13554E-3AF4-4439-856B-674EB4AE51F7}.Release|x64.Build.0 = Release|x64
		{AD13554E-3AF4-4439-856B-674EB4AE51F7}.Release|x86.ActiveCfg = Release|Win32
		{AD13554E-3AF4-4439-856B-674EB4AE51F7}.Release|x86.Build.0 = Release|Win32
		{F5D402BF-6883-4715-93F7-6F21ABA28043}.Debug|Any CPU.ActiveCfg = Debug|Win32
		{F5D402BF-6883-4715-93F7-6F21ABA28043}.Debug|x64.ActiveCfg = Debug|x64
		{F5D402BF-6883-4715-93F7-6F21ABA28043}.Debug|x64.Build.0 = Debug|x64
		{F5D402BF-6883-4715-93F7-6F21ABA28043}.Debug|x86.ActiveCfg = Debug|Win32
		{F5D402BF-6883-4715-93F7-6F21ABA28043}.Debug|x86.Build.0 = Debug|Win32
		{F5D402BF-6883-4715-93F7-6F21ABA28043}.Release|Any CPU.ActiveCfg = Release|Win32
		{F5D402BF-6883-4715-93F7-6F21ABA28043}.Release|x64.ActiveCfg = Release|x64
		{F5D402BF-6883-4715-93F7-6F21ABA28043}.Release|x64.Build.0 = Release|x64
		{F5D402BF-6883-4715-93F7-6F21ABA28043}.Release|x86.ActiveCfg = Release|Win32
		{F5D402BF-6883-4715-93F7-6F21ABA28043}.Release|x86.Build.0 = Release|Win32
		{A2C679E5-4FE4-47B0-AE52-FA5A1B991528}.Debug|Any CPU.ActiveCfg = Debug|Win32
		{A2C679E5-4FE4-47B0-AE52-FA5A1B991528}.Debug|x64.ActiveCfg = Debug|x64
		{A2C679E5-4FE4-47B0-AE52-FA5A1B991528}.Debug|x64.Build.0 = Debug|x64
		{A2C679E5-4FE4-47B0-AE52-FA5A1B991528}.Debug|x86.ActiveCfg = Debug|Win32
		{A2C679E5-4FE4-47B0-AE52-FA5A1B991528}.Debug|x86.Build.0 = Debug|Win32
		{A2C679E5-4FE4-47B0-AE52-FA5A1B991528}.Release|Any CPU.ActiveCfg = Release|Win32
		{A2C679E5-4FE4-47B0-AE52-FA5A1B991528}.Release|x64.ActiveCfg = Release|x64
		{A2C679E5-4FE4-47B0-AE52-FA5A1B991528}.Release|x64.Build.0 = Release|x64
		{A2C679E5-4FE4-47B0-AE52-FA5A1B991528}.Release|x86.ActiveCfg = Release|Win32
		{A2C679E5-4FE4-47B0-AE52-FA5A1B991528}.Release|x86.Build.0 = Release|Win32
		{D49F1E3C-21DB-43D0-BD8A-129858E3DE8F}.Debug|Any CPU.ActiveCfg = Debug|Win32
		{D49F1E3C-21DB-43D0-BD8A-129858E3DE8F}.Debug|x64.ActiveCfg = Debug|x64
		{D49F1E3C-21DB-43D0-BD8A-129858E3DE8F}.Debug|x64.Build.0 = Debug|x64
		{D49F1E3C-21DB-43D0-BD8A-129858E3DE8F}.Debug|x86.ActiveCfg = Debug|Win32
		{D49F1E3C-21DB-43D0-BD8A-129858E3DE8F}.Debug|x86.Build.0 = Debug|Win32
		{D49F1E3C-21DB-43D0-BD8A-129858E3DE8F}.Release|Any CPU.ActiveCfg = Release|Win32
		{D49F1E3C-21DB-43D0-BD8A-129858E3DE8F}.Release|x64.ActiveCfg = Release|x64
		{D49F1E3C-21DB-43D0-BD8A-129858E3DE8F}.Release|x64.Build.0 = Release|x64
		{D49F1E3C-21DB-43D0-BD8A-129858E3DE8F}.Release|x86.ActiveCfg = Release|Win32
		{D49F1E3C-21DB-43D0-BD8A-129858E3DE8F}.Release|x86.Build.0 = Release|Win32
		{AF61A655-BF54-477D-AD9D-B71D16169B51}.Debug|Any CPU.ActiveCfg = Debug|Win32
		{AF61A655-BF54-477D-AD9D-B71D16169B51}.Debug|x64.ActiveCfg = Debug|x64
		{AF61A655-BF54-477D-AD9D-B71D16169B51}.Debug|x64.Build.0 = Debug|x64
		{AF61A655-BF54-477D-AD9D-B71D16169B51}.Debug|x86.ActiveCfg = Debug|Win32
		{AF61A655-BF54-477D-AD9D-B71D16169B51}.Debug|x86.Build.0 = Debug|Win32
		{AF61A655-BF54-477D-AD9D-B71D16169B51}.Release|Any CPU.ActiveCfg = Release|Win32
		{AF61A655-BF54-477D-AD9D-B71D16169B51}.Release|x64.ActiveCfg = Release|x64
		{AF61A655-BF54-477D-AD9D-B71D16169B51}.Release|x64.Build.0 = Release|x64
		{AF61A655-BF54-477D-AD9D-B71D16169B51}.Release|x86.ActiveCfg = Release|Win32
		{AF61A655-BF54-477D-AD9D-B71D16169B51}.Release|x86.Build.0 = Release|Win32
		{2C16EDE9-664C-4598-AE9D-4736BA40C38B}.Debug|Any CPU.ActiveCfg = Debug|Win32
		{2C16EDE9-664C-4598-AE9D-4736BA40C38B}.Debug|x64.ActiveCfg = Debug|x64
		{2C16EDE9-664C-4598-AE9D-4736BA40C38B}.Debug|x64.Build.0 = Debug|x64
		{2C16EDE9-664C-4598-AE9D-4736BA40C38B}.Debug|x86.ActiveCfg = Debug|Win32
		{2C16EDE9-664C-4598-AE9D-4736BA40C38B}.Debug|x86.Build.0 = Debug|Win32
		{2C16EDE9-664C-4598-AE9D-4736BA40C38B}.Release|Any CPU.ActiveCfg = Release|Win32
		{2C16EDE9-664C-4598-AE9D-4736BA40C38B}.Release|x64.ActiveCfg = Release|x64
		{2C16EDE9-664C-4598-AE9D-4736BA40C38B}.Release|x64.Build.0 = Release|x64
		{2C16EDE9-664C-4598-AE9D-4736BA40C38B}.Release|x86.ActiveCfg = Release|Win32
		{2C16EDE9-664C-4598-AE9D-4736BA40C38B}.Release|x86.Build.0 = Release|Win32
		{A9B5D3A7-5D24-4CC1-BDDD-9DEB7ED52462}.Debug|Any CPU.ActiveCfg = Debug|Win32
		{A9B5D3A7-5D24-4CC1-BDDD-9DEB7ED52462}.Debug|x64.ActiveCfg = Debug|x64
		{A9B5D3A7-5D24-4CC1-BDDD-9DEB7ED52462}.Debug|x64.Build.0 = Debug|x64
		{A9B5D3A7-5D24-4CC1-BDDD-9DEB7ED52462}.Debug|x86.ActiveCfg = Debug|Win32
		{A9B5D3A7-5D24-4CC1-BDDD-9DEB7ED52462}.Debug|x86.Build.0 = Debug|Win32
		{A9B5D3A7-5D24-4CC1-BDDD-9DEB7ED52462}.Release|Any CPU.ActiveCfg = Release|Win32
		{A9B5D3A7-5D24-4CC1-BDDD-9DEB7ED52462}.Release|x64.ActiveCfg = Release|x64
		{A9B5D3A7-5D24-4CC1-BDDD-9DEB7ED52462}.Release|x64.Build.0 = Release|x64
		{A9B5D3A7-5D24-4CC1-BDDD-9DEB7ED52462}.Release|x86.ActiveCfg = Release|Win32
		{A9B5D3A7-5D24-4CC1-BDDD-9DEB7ED52462}.Release|x86.Build.0 = Release|Win32
	EndGlobalSection
	GlobalSection(SolutionProperties) = preSolution
		HideSolutionNode = FALSE
	EndGlobalSection
	GlobalSection(ExtensibilityGlobals) = postSolution
		SolutionGuid = {685ACD36-F8DC-48A4-ABF7-BC779BA7F6E6}
	EndGlobalSection
EndGlobal
